
Microsoft Visual Studio Solution File, Format Version 12.00
# Visual Studio Version 17
VisualStudioVersion = 17.0.31903.59
MinimumVisualStudioVersion = 10.0.40219.1
Project("{2150E333-8FDC-42A3-9474-1A3956D46DE8}") = "01-rrn-generator", "01-rrn-generator", "{37E6F751-E14A-D2F4-33D0-CFD03E454B86}"
EndProject
Project("{FAE04EC0-301F-11D3-BF4B-00C04F79EFBC}") = "RrnGenerator", "01-rrn-generator\RrnGenerator.csproj", "{1ABED7E0-04A8-449B-B73A-FFF038F59138}"
EndProject
Project("{FAE04EC0-301F-11D3-BF4B-00C04F79EFBC}") = "GM-011.Tests", "tests\GM-011.Tests\GM-011.Tests.csproj", "{B9ED5E20-ACFE-4A3B-A1E4-C8E5D487A07B}"
EndProject
Global
	GlobalSection(SolutionConfigurationPlatforms) = preSolution
		Debug|Any CPU = Debug|Any CPU
		Debug|x64 = Debug|x64
		Debug|x86 = Debug|x86
		Release|Any CPU = Release|Any CPU
		Release|x64 = Release|x64
		Release|x86 = Release|x86
	EndGlobalSection
	GlobalSection(ProjectConfigurationPlatforms) = postSolution
		{1ABED7E0-04A8-449B-B73A-FFF038F59138}.Debug|Any CPU.ActiveCfg = Debug|Any CPU
		{1ABED7E0-04A8-449B-B73A-FFF038F59138}.Debug|Any CPU.Build.0 = Debug|Any CPU
		{1ABED7E0-04A8-449B-B73A-FFF038F59138}.Debug|x64.ActiveCfg = Debug|Any CPU
		{1ABED7E0-04A8-449B-B73A-FFF038F59138}.Debug|x64.Build.0 = Debug|Any CPU
		{1ABED7E0-04A8-449B-B73A-FFF038F59138}.Debug|x86.ActiveCfg = Debug|Any CPU
		{1ABED7E0-04A8-449B-B73A-FFF038F59138}.Debug|x86.Build.0 = Debug|Any CPU
		{1ABED7E0-04A8-449B-B73A-FFF038F59138}.Release|Any CPU.ActiveCfg = Release|Any CPU
		{1ABED7E0-04A8-449B-B73A-FFF038F59138}.Release|Any CPU.Build.0 = Release|Any CPU
		{1ABED7E0-04A8-449B-B73A-FFF038F59138}.Release|x64.ActiveCfg = Release|Any CPU
		{1ABED7E0-04A8-449B-B73A-FFF038F59138}.Release|x64.Build.0 = Release|Any CPU
		{1ABED7E0-04A8-449B-B73A-FFF038F59138}.Release|x86.ActiveCfg = Release|Any CPU
		{1ABED7E0-04A8-449B-B73A-FFF038F59138}.Release|x86.Build.0 = Release|Any CPU
		{B9ED5E20-ACFE-4A3B-A1E4-C8E5D487A07B}.Debug|Any CPU.ActiveCfg = Debug|Any CPU
		{B9ED5E20-ACFE-4A3B-A1E4-C8E5D487A07B}.Debug|Any CPU.Build.0 = Debug|Any CPU
		{B9ED5E20-ACFE-4A3B-A1E4-C8E5D487A07B}.Debug|x64.ActiveCfg = Debug|Any CPU
		{B9ED5E20-ACFE-4A3B-A1E4-C8E5D487A07B}.Debug|x64.Build.0 = Debug|Any CPU
		{B9ED5E20-ACFE-4A3B-A1E4-C8E5D487A07B}.Debug|x86.ActiveCfg = Debug|Any CPU
		{B9ED5E20-ACFE-4A3B-A1E4-C8E5D487A07B}.Debug|x86.Build.0 = Debug|Any CPU
		{B9ED5E20-ACFE-4A3B-A1E4-C8E5D487A07B}.Release|Any CPU.ActiveCfg = Release|Any CPU
		{B9ED5E20-ACFE-4A3B-A1E4-C8E5D487A07B}.Release|Any CPU.Build.0 = Release|Any CPU
		{B9ED5E20-ACFE-4A3B-A1E4-C8E5D487A07B}.Release|x64.ActiveCfg = Release|Any CPU
		{B9ED5E20-ACFE-4A3B-A1E4-C8E5D487A07B}.Release|x64.Build.0 = Release|Any CPU
		{B9ED5E20-ACFE-4A3B-A1E4-C8E5D487A07B}.Release|x86.ActiveCfg = Release|Any CPU
		{B9ED5E20-ACFE-4A3B-A1E4-C8E5D487A07B}.Release|x86.Build.0 = Release|Any CPU
	EndGlobalSection
	GlobalSection(SolutionProperties) = preSolution
		HideSolutionNode = FALSE
	EndGlobalSection
	GlobalSection(NestedProjects) = preSolution
		{1ABED7E0-04A8-449B-B73A-FFF038F59138} = {37E6F751-E14A-D2F4-33D0-CFD03E454B86}
		{B9ED5E20-ACFE-4A3B-A1E4-C8E5D487A07B} = {37E6F751-E14A-D2F4-33D0-CFD03E454B86}
	EndGlobalSection
EndGlobal
